
Microsoft Visual Studio Solution File, Format Version 12.00
# Visual Studio 15
VisualStudioVersion = 15.0.28307.489
MinimumVisualStudioVersion = 10.0.40219.1
Project("{FAE04EC0-301F-11D3-BF4B-00C04F79EFBC}") = "ParkingAppAPI", "ParkingAppAPI\ParkingAppAPI.csproj", "{FCE9AB15-FA59-4DA4-803C-A981DCAC1EA0}"
EndProject
Global
	GlobalSection(SolutionConfigurationPlatforms) = preSolution
		Debug|Any CPU = Debug|Any CPU
		Release|Any CPU = Release|Any CPU
	EndGlobalSection
	GlobalSection(ProjectConfigurationPlatforms) = postSolution
		{FCE9AB15-FA59-4DA4-803C-A981DCAC1EA0}.Debug|Any CPU.ActiveCfg = Debug|Any CPU
		{FCE9AB15-FA59-4DA4-803C-A981DCAC1EA0}.Debug|Any CPU.Build.0 = Debug|Any CPU
		{FCE9AB15-FA59-4DA4-803C-A981DCAC1EA0}.Release|Any CPU.ActiveCfg = Release|Any CPU
		{FCE9AB15-FA59-4DA4-803C-A981DCAC1EA0}.Release|Any CPU.Build.0 = Release|Any CPU
	EndGlobalSection
	GlobalSection(SolutionProperties) = preSolution
		HideSolutionNode = FALSE
	EndGlobalSection
	GlobalSection(ExtensibilityGlobals) = postSolution
		SolutionGuid = {7F160B6C-627E-4B76-A24C-5DA6A9A6E96C}
	EndGlobalSection
EndGlobal
